
Microsoft Visual Studio Solution File, Format Version 12.00
# Visual Studio 15
VisualStudioVersion = 15.0.28307.329
MinimumVisualStudioVersion = 10.0.40219.1
Project("{F184B08F-C81C-45F6-A57F-5ABD9991F28F}") = "CSN", "CSN\CSN.vbproj", "{71BF404F-1043-45F0-9DE5-B07868284CB1}"
EndProject
Project("{F184B08F-C81C-45F6-A57F-5ABD9991F28F}") = "WindowsControlLibrary1", "WindowsControlLibrary1\WindowsControlLibrary1.vbproj", "{C0187868-3569-4D9D-878E-D3FE9FB4B2DA}"
EndProject
Project("{2150E333-8FDC-42A3-9474-1A3956D46DE8}") = "Solution Items", "Solution Items", "{44889F76-2F79-4066-9E18-282041554A87}"
	ProjectSection(SolutionItems) = preProject
		Graph1.dgml = Graph1.dgml
	EndProjectSection
EndProject
Global
	GlobalSection(SolutionConfigurationPlatforms) = preSolution
		Debug|Any CPU = Debug|Any CPU
		Release|Any CPU = Release|Any CPU
	EndGlobalSection
	GlobalSection(ProjectConfigurationPlatforms) = postSolution
		{71BF404F-1043-45F0-9DE5-B07868284CB1}.Debug|Any CPU.ActiveCfg = Debug|Any CPU
		{71BF404F-1043-45F0-9DE5-B07868284CB1}.Debug|Any CPU.Build.0 = Debug|Any CPU
		{71BF404F-1043-45F0-9DE5-B07868284CB1}.Release|Any CPU.ActiveCfg = Release|Any CPU
		{71BF404F-1043-45F0-9DE5-B07868284CB1}.Release|Any CPU.Build.0 = Release|Any CPU
		{C0187868-3569-4D9D-878E-D3FE9FB4B2DA}.Debug|Any CPU.ActiveCfg = Debug|Any CPU
		{C0187868-3569-4D9D-878E-D3FE9FB4B2DA}.Debug|Any CPU.Build.0 = Debug|Any CPU
		{C0187868-3569-4D9D-878E-D3FE9FB4B2DA}.Release|Any CPU.ActiveCfg = Release|Any CPU
		{C0187868-3569-4D9D-878E-D3FE9FB4B2DA}.Release|Any CPU.Build.0 = Release|Any CPU
	EndGlobalSection
	GlobalSection(SolutionProperties) = preSolution
		HideSolutionNode = FALSE
	EndGlobalSection
	GlobalSection(ExtensibilityGlobals) = postSolution
		SolutionGuid = {28DD1894-FCC5-4392-A7F7-AA43C08672A9}
	EndGlobalSection
EndGlobal
